
Microsoft Visual Studio Solution File, Format Version 9.00
# Visual Studio 2005
Project("{8BC9CEB8-8B4A-11D0-8D11-00A0C91BC942}") = "Mod_OS_Date", "Mod_OS_Date\Mod_OS_Date.vcproj", "{BBC68D78-43E1-4095-8B2A-C45AE5CD8DB2}"
EndProject
Global
	GlobalSection(SolutionConfigurationPlatforms) = preSolution
		Debug|Win32 = Debug|Win32
		Release|Win32 = Release|Win32
	EndGlobalSection
	GlobalSection(ProjectConfigurationPlatforms) = postSolution
		{BBC68D78-43E1-4095-8B2A-C45AE5CD8DB2}.Debug|Win32.ActiveCfg = Debug|Win32
		{BBC68D78-43E1-4095-8B2A-C45AE5CD8DB2}.Debug|Win32.Build.0 = Debug|Win32
		{BBC68D78-43E1-4095-8B2A-C45AE5CD8DB2}.Release|Win32.ActiveCfg = Release|Win32
		{BBC68D78-43E1-4095-8B2A-C45AE5CD8DB2}.Release|Win32.Build.0 = Release|Win32
	EndGlobalSection
	GlobalSection(SolutionProperties) = preSolution
		HideSolutionNode = FALSE
	EndGlobalSection
EndGlobal
